
Microsoft Visual Studio Solution File, Format Version 12.00
# Visual Studio Version 17
VisualStudioVersion = 17.4.33205.214
MinimumVisualStudioVersion = 10.0.40219.1
Project("{FAE04EC0-301F-11D3-BF4B-00C04F79EFBC}") = "Northwind.WebApi", "Northwind.WebApi\Northwind.WebApi.csproj", "{BC517B3D-E51B-45E0-B42A-A801DFC72428}"
EndProject
Project("{FAE04EC0-301F-11D3-BF4B-00C04F79EFBC}") = "NorthwindConsole.TestApi", "NorthwindConsole.TestApi\NorthwindConsole.TestApi.csproj", "{A544CBAE-E6B8-44C8-98A0-4E6509E4FA0E}"
EndProject
Global
	GlobalSection(SolutionConfigurationPlatforms) = preSolution
		Debug|Any CPU = Debug|Any CPU
		Release|Any CPU = Release|Any CPU
	EndGlobalSection
	GlobalSection(ProjectConfigurationPlatforms) = postSolution
		{BC517B3D-E51B-45E0-B42A-A801DFC72428}.Debug|Any CPU.ActiveCfg = Debug|Any CPU
		{BC517B3D-E51B-45E0-B42A-A801DFC72428}.Debug|Any CPU.Build.0 = Debug|Any CPU
		{BC517B3D-E51B-45E0-B42A-A801DFC72428}.Release|Any CPU.ActiveCfg = Release|Any CPU
		{BC517B3D-E51B-45E0-B42A-A801DFC72428}.Release|Any CPU.Build.0 = Release|Any CPU
		{A544CBAE-E6B8-44C8-98A0-4E6509E4FA0E}.Debug|Any CPU.ActiveCfg = Debug|Any CPU
		{A544CBAE-E6B8-44C8-98A0-4E6509E4FA0E}.Debug|Any CPU.Build.0 = Debug|Any CPU
		{A544CBAE-E6B8-44C8-98A0-4E6509E4FA0E}.Release|Any CPU.ActiveCfg = Release|Any CPU
		{A544CBAE-E6B8-44C8-98A0-4E6509E4FA0E}.Release|Any CPU.Build.0 = Release|Any CPU
	EndGlobalSection
	GlobalSection(SolutionProperties) = preSolution
		HideSolutionNode = FALSE
	EndGlobalSection
	GlobalSection(ExtensibilityGlobals) = postSolution
		SolutionGuid = {3D301968-C28C-4F24-BA34-DDE4394B3FAF}
	EndGlobalSection
EndGlobal
